
Microsoft Visual Studio Solution File, Format Version 12.00
Project("{FAE04EC0-301F-11D3-BF4B-00C04F79EFBC}") = "FirstHomework", "FirstHomework\FirstHomework.csproj", "{D6A0F867-6F5D-425B-9752-3CDF74F8506C}"
EndProject
Global
	GlobalSection(SolutionConfigurationPlatforms) = preSolution
		Debug|Any CPU = Debug|Any CPU
		Release|Any CPU = Release|Any CPU
	EndGlobalSection
	GlobalSection(ProjectConfigurationPlatforms) = postSolution
		{D6A0F867-6F5D-425B-9752-3CDF74F8506C}.Debug|Any CPU.ActiveCfg = Debug|Any CPU
		{D6A0F867-6F5D-425B-9752-3CDF74F8506C}.Debug|Any CPU.Build.0 = Debug|Any CPU
		{D6A0F867-6F5D-425B-9752-3CDF74F8506C}.Release|Any CPU.ActiveCfg = Release|Any CPU
		{D6A0F867-6F5D-425B-9752-3CDF74F8506C}.Release|Any CPU.Build.0 = Release|Any CPU
	EndGlobalSection
EndGlobal
